
Microsoft Visual Studio Solution File, Format Version 12.00
# Visual Studio Version 17
VisualStudioVersion = 17.2.32616.157
MinimumVisualStudioVersion = 10.0.40219.1
Project("{FAE04EC0-301F-11D3-BF4B-00C04F79EFBC}") = "DocTok", "DocTok\DocTok.csproj", "{527BDDDE-E7DB-40D9-B33B-FBE27C12CB6F}"
EndProject
Global
	GlobalSection(SolutionConfigurationPlatforms) = preSolution
		Debug|Any CPU = Debug|Any CPU
		Release|Any CPU = Release|Any CPU
	EndGlobalSection
	GlobalSection(ProjectConfigurationPlatforms) = postSolution
		{527BDDDE-E7DB-40D9-B33B-FBE27C12CB6F}.Debug|Any CPU.ActiveCfg = Debug|Any CPU
		{527BDDDE-E7DB-40D9-B33B-FBE27C12CB6F}.Debug|Any CPU.Build.0 = Debug|Any CPU
		{527BDDDE-E7DB-40D9-B33B-FBE27C12CB6F}.Release|Any CPU.ActiveCfg = Release|Any CPU
		{527BDDDE-E7DB-40D9-B33B-FBE27C12CB6F}.Release|Any CPU.Build.0 = Release|Any CPU
	EndGlobalSection
	GlobalSection(SolutionProperties) = preSolution
		HideSolutionNode = FALSE
	EndGlobalSection
	GlobalSection(ExtensibilityGlobals) = postSolution
		SolutionGuid = {2E5765D6-F16E-4EB9-BE71-F83827DD875E}
	EndGlobalSection
EndGlobal
