
Microsoft Visual Studio Solution File, Format Version 12.00
# Visual Studio Version 17
VisualStudioVersion = 17.2.32616.157
MinimumVisualStudioVersion = 10.0.40219.1
Project("{9A19103F-16F7-4668-BE54-9A1E7A4F7556}") = "DocTok", "DocTok\DocTok.csproj", "{527BDDDE-E7DB-40D9-B33B-FBE27C12CB6F}"
EndProject
Project("{FAE04EC0-301F-11D3-BF4B-00C04F79EFBC}") = "DocTok.DataAccess", "DocTok.DataAccess\DocTok.DataAccess.csproj", "{EB3D615F-567F-44BF-9274-35C31685A609}"
EndProject
Project("{FAE04EC0-301F-11D3-BF4B-00C04F79EFBC}") = "DocTok.BusinessLayer", "DocTok.BusinessLayer\DocTok.BusinessLayer.csproj", "{64C1F130-5CD8-489B-A9B4-40BDC3A6750A}"
EndProject
Project("{FAE04EC0-301F-11D3-BF4B-00C04F79EFBC}") = "DocTok.Shared", "DocTok.Shared\DocTok.Shared.csproj", "{041BCF1C-6700-4E67-A19D-225F5D508960}"
EndProject
Project("{FAE04EC0-301F-11D3-BF4B-00C04F79EFBC}") = "DocTok.Dependencies", "DocTok.Dependencies\DocTok.Dependencies.csproj", "{F810B0DE-D9BB-4C56-AE0C-67F392B9F8E0}"
EndProject
Global
	GlobalSection(SolutionConfigurationPlatforms) = preSolution
		Debug|Any CPU = Debug|Any CPU
		Release|Any CPU = Release|Any CPU
	EndGlobalSection
	GlobalSection(ProjectConfigurationPlatforms) = postSolution
		{527BDDDE-E7DB-40D9-B33B-FBE27C12CB6F}.Debug|Any CPU.ActiveCfg = Debug|Any CPU
		{527BDDDE-E7DB-40D9-B33B-FBE27C12CB6F}.Debug|Any CPU.Build.0 = Debug|Any CPU
		{527BDDDE-E7DB-40D9-B33B-FBE27C12CB6F}.Release|Any CPU.ActiveCfg = Release|Any CPU
		{527BDDDE-E7DB-40D9-B33B-FBE27C12CB6F}.Release|Any CPU.Build.0 = Release|Any CPU
		{EB3D615F-567F-44BF-9274-35C31685A609}.Debug|Any CPU.ActiveCfg = Debug|Any CPU
		{EB3D615F-567F-44BF-9274-35C31685A609}.Debug|Any CPU.Build.0 = Debug|Any CPU
		{EB3D615F-567F-44BF-9274-35C31685A609}.Release|Any CPU.ActiveCfg = Release|Any CPU
		{EB3D615F-567F-44BF-9274-35C31685A609}.Release|Any CPU.Build.0 = Release|Any CPU
		{64C1F130-5CD8-489B-A9B4-40BDC3A6750A}.Debug|Any CPU.ActiveCfg = Debug|Any CPU
		{64C1F130-5CD8-489B-A9B4-40BDC3A6750A}.Debug|Any CPU.Build.0 = Debug|Any CPU
		{64C1F130-5CD8-489B-A9B4-40BDC3A6750A}.Release|Any CPU.ActiveCfg = Release|Any CPU
		{64C1F130-5CD8-489B-A9B4-40BDC3A6750A}.Release|Any CPU.Build.0 = Release|Any CPU
		{041BCF1C-6700-4E67-A19D-225F5D508960}.Debug|Any CPU.ActiveCfg = Debug|Any CPU
		{041BCF1C-6700-4E67-A19D-225F5D508960}.Debug|Any CPU.Build.0 = Debug|Any CPU
		{041BCF1C-6700-4E67-A19D-225F5D508960}.Release|Any CPU.ActiveCfg = Release|Any CPU
		{041BCF1C-6700-4E67-A19D-225F5D508960}.Release|Any CPU.Build.0 = Release|Any CPU
		{F810B0DE-D9BB-4C56-AE0C-67F392B9F8E0}.Debug|Any CPU.ActiveCfg = Debug|Any CPU
		{F810B0DE-D9BB-4C56-AE0C-67F392B9F8E0}.Debug|Any CPU.Build.0 = Debug|Any CPU
		{F810B0DE-D9BB-4C56-AE0C-67F392B9F8E0}.Release|Any CPU.ActiveCfg = Release|Any CPU
		{F810B0DE-D9BB-4C56-AE0C-67F392B9F8E0}.Release|Any CPU.Build.0 = Release|Any CPU
	EndGlobalSection
	GlobalSection(SolutionProperties) = preSolution
		HideSolutionNode = FALSE
	EndGlobalSection
	GlobalSection(ExtensibilityGlobals) = postSolution
		SolutionGuid = {2E5765D6-F16E-4EB9-BE71-F83827DD875E}
	EndGlobalSection
EndGlobal
